// !$*UTF8*$!
{
	archiveVersion = 1;
	classes = {
	};
	objectVersion = 50;
	objects = {

/* Begin PBXBuildFile section */
		A208DE8426A74C50005F9E9A /* SectionHeader.swift in Sources */ = {isa = PBXBuildFile; fileRef = A208DE8326A74C50005F9E9A /* SectionHeader.swift */; };
		A208DE8626A7532A005F9E9A /* UIView + Extension.swift in Sources */ = {isa = PBXBuildFile; fileRef = A208DE8526A7532A005F9E9A /* UIView + Extension.swift */; };
		A232C4B126A481160002E745 /* MainTabBarController.swift in Sources */ = {isa = PBXBuildFile; fileRef = A232C4B026A481160002E745 /* MainTabBarController.swift */; };
		A232C4B326A48B570002E745 /* RecentViewController.swift in Sources */ = {isa = PBXBuildFile; fileRef = A232C4B226A48B570002E745 /* RecentViewController.swift */; };
		A2CF472F26A58A3F001A761E /* ProfileCell.swift in Sources */ = {isa = PBXBuildFile; fileRef = A2CF472E26A58A3F001A761E /* ProfileCell.swift */; };
		A2CF473126A58D77001A761E /* UserModel.swift in Sources */ = {isa = PBXBuildFile; fileRef = A2CF473026A58D77001A761E /* UserModel.swift */; };
		A2CF473326A58DAC001A761E /* SelfConfiguringCell.swift in Sources */ = {isa = PBXBuildFile; fileRef = A2CF473226A58DAC001A761E /* SelfConfiguringCell.swift */; };
		A2CF473926A58F18001A761E /* FavouriteCell.swift in Sources */ = {isa = PBXBuildFile; fileRef = A2CF473826A58F18001A761E /* FavouriteCell.swift */; };
		A2CF473B26A58F21001A761E /* ContactCell.swift in Sources */ = {isa = PBXBuildFile; fileRef = A2CF473A26A58F21001A761E /* ContactCell.swift */; };
		A2CF473D26A5A199001A761E /* UIViewController + Extensions.swift in Sources */ = {isa = PBXBuildFile; fileRef = A2CF473C26A5A199001A761E /* UIViewController + Extensions.swift */; };
		A2CF474026A5B7B8001A761E /* Bundle + Extension.swift in Sources */ = {isa = PBXBuildFile; fileRef = A2CF473F26A5B7B8001A761E /* Bundle + Extension.swift */; };
		A2D8CE9F26A474B700C5E4B2 /* AppDelegate.swift in Sources */ = {isa = PBXBuildFile; fileRef = A2D8CE9E26A474B700C5E4B2 /* AppDelegate.swift */; };
		A2D8CEA126A474B700C5E4B2 /* SceneDelegate.swift in Sources */ = {isa = PBXBuildFile; fileRef = A2D8CEA026A474B700C5E4B2 /* SceneDelegate.swift */; };
		A2D8CEA326A474B700C5E4B2 /* ContactsViewController.swift in Sources */ = {isa = PBXBuildFile; fileRef = A2D8CEA226A474B700C5E4B2 /* ContactsViewController.swift */; };
		A2D8CEA826A474B800C5E4B2 /* Assets.xcassets in Resources */ = {isa = PBXBuildFile; fileRef = A2D8CEA726A474B800C5E4B2 /* Assets.xcassets */; };
		A2D8CEAB26A474B800C5E4B2 /* LaunchScreen.storyboard in Resources */ = {isa = PBXBuildFile; fileRef = A2D8CEA926A474B800C5E4B2 /* LaunchScreen.storyboard */; };
		A2D8CEB326A4750900C5E4B2 /* contactUsers.json in Resources */ = {isa = PBXBuildFile; fileRef = A2D8CEB226A4750900C5E4B2 /* contactUsers.json */; };
		A2D8CEB526A4772300C5E4B2 /* favouriteUsers.json in Resources */ = {isa = PBXBuildFile; fileRef = A2D8CEB426A4772300C5E4B2 /* favouriteUsers.json */; };
/* End PBXBuildFile section */

/* Begin PBXFileReference section */
		A208DE8326A74C50005F9E9A /* SectionHeader.swift */ = {isa = PBXFileReference; lastKnownFileType = sourcecode.swift; path = SectionHeader.swift; sourceTree = "<group>"; };
		A208DE8526A7532A005F9E9A /* UIView + Extension.swift */ = {isa = PBXFileReference; lastKnownFileType = sourcecode.swift; path = "UIView + Extension.swift"; sourceTree = "<group>"; };
		A232C4B026A481160002E745 /* MainTabBarController.swift */ = {isa = PBXFileReference; lastKnownFileType = sourcecode.swift; path = MainTabBarController.swift; sourceTree = "<group>"; };
		A232C4B226A48B570002E745 /* RecentViewController.swift */ = {isa = PBXFileReference; lastKnownFileType = sourcecode.swift; path = RecentViewController.swift; sourceTree = "<group>"; };
		A2CF472E26A58A3F001A761E /* ProfileCell.swift */ = {isa = PBXFileReference; lastKnownFileType = sourcecode.swift; path = ProfileCell.swift; sourceTree = "<group>"; };
		A2CF473026A58D77001A761E /* UserModel.swift */ = {isa = PBXFileReference; lastKnownFileType = sourcecode.swift; path = UserModel.swift; sourceTree = "<group>"; };
		A2CF473226A58DAC001A761E /* SelfConfiguringCell.swift */ = {isa = PBXFileReference; lastKnownFileType = sourcecode.swift; path = SelfConfiguringCell.swift; sourceTree = "<group>"; };
		A2CF473826A58F18001A761E /* FavouriteCell.swift */ = {isa = PBXFileReference; lastKnownFileType = sourcecode.swift; path = FavouriteCell.swift; sourceTree = "<group>"; };
		A2CF473A26A58F21001A761E /* ContactCell.swift */ = {isa = PBXFileReference; lastKnownFileType = sourcecode.swift; path = ContactCell.swift; sourceTree = "<group>"; };
		A2CF473C26A5A199001A761E /* UIViewController + Extensions.swift */ = {isa = PBXFileReference; lastKnownFileType = sourcecode.swift; path = "UIViewController + Extensions.swift"; sourceTree = "<group>"; };
		A2CF473F26A5B7B8001A761E /* Bundle + Extension.swift */ = {isa = PBXFileReference; lastKnownFileType = sourcecode.swift; path = "Bundle + Extension.swift"; sourceTree = "<group>"; };
		A2D8CE9B26A474B700C5E4B2 /* NewContactsApp.app */ = {isa = PBXFileReference; explicitFileType = wrapper.application; includeInIndex = 0; path = NewContactsApp.app; sourceTree = BUILT_PRODUCTS_DIR; };
		A2D8CE9E26A474B700C5E4B2 /* AppDelegate.swift */ = {isa = PBXFileReference; lastKnownFileType = sourcecode.swift; path = AppDelegate.swift; sourceTree = "<group>"; };
		A2D8CEA026A474B700C5E4B2 /* SceneDelegate.swift */ = {isa = PBXFileReference; lastKnownFileType = sourcecode.swift; path = SceneDelegate.swift; sourceTree = "<group>"; };
		A2D8CEA226A474B700C5E4B2 /* ContactsViewController.swift */ = {isa = PBXFileReference; lastKnownFileType = sourcecode.swift; path = ContactsViewController.swift; sourceTree = "<group>"; };
		A2D8CEA726A474B800C5E4B2 /* Assets.xcassets */ = {isa = PBXFileReference; lastKnownFileType = folder.assetcatalog; path = Assets.xcassets; sourceTree = "<group>"; };
		A2D8CEAA26A474B800C5E4B2 /* Base */ = {isa = PBXFileReference; lastKnownFileType = file.storyboard; name = Base; path = Base.lproj/LaunchScreen.storyboard; sourceTree = "<group>"; };
		A2D8CEAC26A474B800C5E4B2 /* Info.plist */ = {isa = PBXFileReference; lastKnownFileType = text.plist.xml; path = Info.plist; sourceTree = "<group>"; };
		A2D8CEB226A4750900C5E4B2 /* contactUsers.json */ = {isa = PBXFileReference; lastKnownFileType = text.json; path = contactUsers.json; sourceTree = "<group>"; };
		A2D8CEB426A4772300C5E4B2 /* favouriteUsers.json */ = {isa = PBXFileReference; lastKnownFileType = text.json; path = favouriteUsers.json; sourceTree = "<group>"; };
/* End PBXFileReference section */

/* Begin PBXFrameworksBuildPhase section */
		A2D8CE9826A474B700C5E4B2 /* Frameworks */ = {
			isa = PBXFrameworksBuildPhase;
			buildActionMask = 2147483647;
			files = (
			);
			runOnlyForDeploymentPostprocessing = 0;
		};
/* End PBXFrameworksBuildPhase section */

/* Begin PBXGroup section */
		A2CF473426A58DD4001A761E /* Cell */ = {
			isa = PBXGroup;
			children = (
				A208DE8326A74C50005F9E9A /* SectionHeader.swift */,
				A2CF472E26A58A3F001A761E /* ProfileCell.swift */,
				A2CF473826A58F18001A761E /* FavouriteCell.swift */,
				A2CF473A26A58F21001A761E /* ContactCell.swift */,
			);
			path = Cell;
			sourceTree = "<group>";
		};
		A2CF473526A58DDB001A761E /* Models */ = {
			isa = PBXGroup;
			children = (
				A2CF473026A58D77001A761E /* UserModel.swift */,
			);
			path = Models;
			sourceTree = "<group>";
		};
		A2CF473626A58DE6001A761E /* Protocols */ = {
			isa = PBXGroup;
			children = (
				A2CF473226A58DAC001A761E /* SelfConfiguringCell.swift */,
			);
			path = Protocols;
			sourceTree = "<group>";
		};
		A2CF473726A58DF4001A761E /* Controllers */ = {
			isa = PBXGroup;
			children = (
				A232C4B026A481160002E745 /* MainTabBarController.swift */,
				A2D8CEA226A474B700C5E4B2 /* ContactsViewController.swift */,
				A232C4B226A48B570002E745 /* RecentViewController.swift */,
			);
			path = Controllers;
			sourceTree = "<group>";
		};
		A2CF473E26A5A1AF001A761E /* Extensions */ = {
			isa = PBXGroup;
			children = (
				A2CF473F26A5B7B8001A761E /* Bundle + Extension.swift */,
				A2CF473C26A5A199001A761E /* UIViewController + Extensions.swift */,
				A208DE8526A7532A005F9E9A /* UIView + Extension.swift */,
			);
			path = Extensions;
			sourceTree = "<group>";
		};
		A2D8CE9226A474B700C5E4B2 = {
			isa = PBXGroup;
			children = (
				A2D8CE9D26A474B700C5E4B2 /* NewContactsApp */,
				A2D8CE9C26A474B700C5E4B2 /* Products */,
			);
			sourceTree = "<group>";
		};
		A2D8CE9C26A474B700C5E4B2 /* Products */ = {
			isa = PBXGroup;
			children = (
				A2D8CE9B26A474B700C5E4B2 /* NewContactsApp.app */,
			);
			name = Products;
			sourceTree = "<group>";
		};
		A2D8CE9D26A474B700C5E4B2 /* NewContactsApp */ = {
			isa = PBXGroup;
			children = (
				A2D8CE9E26A474B700C5E4B2 /* AppDelegate.swift */,
				A2D8CEA026A474B700C5E4B2 /* SceneDelegate.swift */,
				A2CF473526A58DDB001A761E /* Models */,
				A2CF473726A58DF4001A761E /* Controllers */,
				A2CF473426A58DD4001A761E /* Cell */,
				A2CF473626A58DE6001A761E /* Protocols */,
				A2CF473E26A5A1AF001A761E /* Extensions */,
				A2D8CEB426A4772300C5E4B2 /* favouriteUsers.json */,
				A2D8CEB226A4750900C5E4B2 /* contactUsers.json */,
				A2D8CEA726A474B800C5E4B2 /* Assets.xcassets */,
				A2D8CEA926A474B800C5E4B2 /* LaunchScreen.storyboard */,
				A2D8CEAC26A474B800C5E4B2 /* Info.plist */,
			);
			path = NewContactsApp;
			sourceTree = "<group>";
		};
/* End PBXGroup section */

/* Begin PBXNativeTarget section */
		A2D8CE9A26A474B700C5E4B2 /* NewContactsApp */ = {
			isa = PBXNativeTarget;
			buildConfigurationList = A2D8CEAF26A474B800C5E4B2 /* Build configuration list for PBXNativeTarget "NewContactsApp" */;
			buildPhases = (
				A2D8CE9726A474B700C5E4B2 /* Sources */,
				A2D8CE9826A474B700C5E4B2 /* Frameworks */,
				A2D8CE9926A474B700C5E4B2 /* Resources */,
			);
			buildRules = (
			);
			dependencies = (
			);
			name = NewContactsApp;
			productName = NewContactsApp;
			productReference = A2D8CE9B26A474B700C5E4B2 /* NewContactsApp.app */;
			productType = "com.apple.product-type.application";
		};
/* End PBXNativeTarget section */

/* Begin PBXProject section */
		A2D8CE9326A474B700C5E4B2 /* Project object */ = {
			isa = PBXProject;
			attributes = {
				LastSwiftUpdateCheck = 1250;
				LastUpgradeCheck = 1250;
				TargetAttributes = {
					A2D8CE9A26A474B700C5E4B2 = {
						CreatedOnToolsVersion = 12.5;
					};
				};
			};
			buildConfigurationList = A2D8CE9626A474B700C5E4B2 /* Build configuration list for PBXProject "NewContactsApp" */;
			compatibilityVersion = "Xcode 9.3";
			developmentRegion = en;
			hasScannedForEncodings = 0;
			knownRegions = (
				en,
				Base,
			);
			mainGroup = A2D8CE9226A474B700C5E4B2;
			productRefGroup = A2D8CE9C26A474B700C5E4B2 /* Products */;
			projectDirPath = "";
			projectRoot = "";
			targets = (
				A2D8CE9A26A474B700C5E4B2 /* NewContactsApp */,
			);
		};
/* End PBXProject section */

/* Begin PBXResourcesBuildPhase section */
		A2D8CE9926A474B700C5E4B2 /* Resources */ = {
			isa = PBXResourcesBuildPhase;
			buildActionMask = 2147483647;
			files = (
				A2D8CEAB26A474B800C5E4B2 /* LaunchScreen.storyboard in Resources */,
				A2D8CEA826A474B800C5E4B2 /* Assets.xcassets in Resources */,
				A2D8CEB326A4750900C5E4B2 /* contactUsers.json in Resources */,
				A2D8CEB526A4772300C5E4B2 /* favouriteUsers.json in Resources */,
			);
			runOnlyForDeploymentPostprocessing = 0;
		};
/* End PBXResourcesBuildPhase section */

/* Begin PBXSourcesBuildPhase section */
		A2D8CE9726A474B700C5E4B2 /* Sources */ = {
			isa = PBXSourcesBuildPhase;
			buildActionMask = 2147483647;
			files = (
				A2CF473B26A58F21001A761E /* ContactCell.swift in Sources */,
				A2D8CEA326A474B700C5E4B2 /* ContactsViewController.swift in Sources */,
				A2CF473326A58DAC001A761E /* SelfConfiguringCell.swift in Sources */,
				A2CF473126A58D77001A761E /* UserModel.swift in Sources */,
				A208DE8626A7532A005F9E9A /* UIView + Extension.swift in Sources */,
				A232C4B326A48B570002E745 /* RecentViewController.swift in Sources */,
				A2CF473926A58F18001A761E /* FavouriteCell.swift in Sources */,
				A2D8CE9F26A474B700C5E4B2 /* AppDelegate.swift in Sources */,
				A2CF473D26A5A199001A761E /* UIViewController + Extensions.swift in Sources */,
				A2CF472F26A58A3F001A761E /* ProfileCell.swift in Sources */,
				A2CF474026A5B7B8001A761E /* Bundle + Extension.swift in Sources */,
				A232C4B126A481160002E745 /* MainTabBarController.swift in Sources */,
				A2D8CEA126A474B700C5E4B2 /* SceneDelegate.swift in Sources */,
				A208DE8426A74C50005F9E9A /* SectionHeader.swift in Sources */,
			);
			runOnlyForDeploymentPostprocessing = 0;
		};
/* End PBXSourcesBuildPhase section */

/* Begin PBXVariantGroup section */
		A2D8CEA926A474B800C5E4B2 /* LaunchScreen.storyboard */ = {
			isa = PBXVariantGroup;
			children = (
				A2D8CEAA26A474B800C5E4B2 /* Base */,
			);
			name = LaunchScreen.storyboard;
			sourceTree = "<group>";
		};
/* End PBXVariantGroup section */

/* Begin XCBuildConfiguration section */
		A2D8CEAD26A474B800C5E4B2 /* Debug */ = {
			isa = XCBuildConfiguration;
			buildSettings = {
				ALWAYS_SEARCH_USER_PATHS = NO;
				CLANG_ANALYZER_NONNULL = YES;
				CLANG_ANALYZER_NUMBER_OBJECT_CONVERSION = YES_AGGRESSIVE;
				CLANG_CXX_LANGUAGE_STANDARD = "gnu++14";
				CLANG_CXX_LIBRARY = "libc++";
				CLANG_ENABLE_MODULES = YES;
				CLANG_ENABLE_OBJC_ARC = YES;
				CLANG_ENABLE_OBJC_WEAK = YES;
				CLANG_WARN_BLOCK_CAPTURE_AUTORELEASING = YES;
				CLANG_WARN_BOOL_CONVERSION = YES;
				CLANG_WARN_COMMA = YES;
				CLANG_WARN_CONSTANT_CONVERSION = YES;
				CLANG_WARN_DEPRECATED_OBJC_IMPLEMENTATIONS = YES;
				CLANG_WARN_DIRECT_OBJC_ISA_USAGE = YES_ERROR;
				CLANG_WARN_DOCUMENTATION_COMMENTS = YES;
				CLANG_WARN_EMPTY_BODY = YES;
				CLANG_WARN_ENUM_CONVERSION = YES;
				CLANG_WARN_INFINITE_RECURSION = YES;
				CLANG_WARN_INT_CONVERSION = YES;
				CLANG_WARN_NON_LITERAL_NULL_CONVERSION = YES;
				CLANG_WARN_OBJC_IMPLICIT_RETAIN_SELF = YES;
				CLANG_WARN_OBJC_LITERAL_CONVERSION = YES;
				CLANG_WARN_OBJC_ROOT_CLASS = YES_ERROR;
				CLANG_WARN_QUOTED_INCLUDE_IN_FRAMEWORK_HEADER = YES;
				CLANG_WARN_RANGE_LOOP_ANALYSIS = YES;
				CLANG_WARN_STRICT_PROTOTYPES = YES;
				CLANG_WARN_SUSPICIOUS_MOVE = YES;
				CLANG_WARN_UNGUARDED_AVAILABILITY = YES_AGGRESSIVE;
				CLANG_WARN_UNREACHABLE_CODE = YES;
				CLANG_WARN__DUPLICATE_METHOD_MATCH = YES;
				COPY_PHASE_STRIP = NO;
				DEBUG_INFORMATION_FORMAT = dwarf;
				ENABLE_STRICT_OBJC_MSGSEND = YES;
				ENABLE_TESTABILITY = YES;
				GCC_C_LANGUAGE_STANDARD = gnu11;
				GCC_DYNAMIC_NO_PIC = NO;
				GCC_NO_COMMON_BLOCKS = YES;
				GCC_OPTIMIZATION_LEVEL = 0;
				GCC_PREPROCESSOR_DEFINITIONS = (
					"DEBUG=1",
					"$(inherited)",
				);
				GCC_WARN_64_TO_32_BIT_CONVERSION = YES;
				GCC_WARN_ABOUT_RETURN_TYPE = YES_ERROR;
				GCC_WARN_UNDECLARED_SELECTOR = YES;
				GCC_WARN_UNINITIALIZED_AUTOS = YES_AGGRESSIVE;
				GCC_WARN_UNUSED_FUNCTION = YES;
				GCC_WARN_UNUSED_VARIABLE = YES;
				IPHONEOS_DEPLOYMENT_TARGET = 14.5;
				MTL_ENABLE_DEBUG_INFO = INCLUDE_SOURCE;
				MTL_FAST_MATH = YES;
				ONLY_ACTIVE_ARCH = YES;
				SDKROOT = iphoneos;
				SWIFT_ACTIVE_COMPILATION_CONDITIONS = DEBUG;
				SWIFT_OPTIMIZATION_LEVEL = "-Onone";
			};
			name = Debug;
		};
		A2D8CEAE26A474B800C5E4B2 /* Release */ = {
			isa = XCBuildConfiguration;
			buildSettings = {
				ALWAYS_SEARCH_USER_PATHS = NO;
				CLANG_ANALYZER_NONNULL = YES;
				CLANG_ANALYZER_NUMBER_OBJECT_CONVERSION = YES_AGGRESSIVE;
				CLANG_CXX_LANGUAGE_STANDARD = "gnu++14";
				CLANG_CXX_LIBRARY = "libc++";
				CLANG_ENABLE_MODULES = YES;
				CLANG_ENABLE_OBJC_ARC = YES;
				CLANG_ENABLE_OBJC_WEAK = YES;
				CLANG_WARN_BLOCK_CAPTURE_AUTORELEASING = YES;
				CLANG_WARN_BOOL_CONVERSION = YES;
				CLANG_WARN_COMMA = YES;
				CLANG_WARN_CONSTANT_CONVERSION = YES;
				CLANG_WARN_DEPRECATED_OBJC_IMPLEMENTATIONS = YES;
				CLANG_WARN_DIRECT_OBJC_ISA_USAGE = YES_ERROR;
				CLANG_WARN_DOCUMENTATION_COMMENTS = YES;
				CLANG_WARN_EMPTY_BODY = YES;
				CLANG_WARN_ENUM_CONVERSION = YES;
				CLANG_WARN_INFINITE_RECURSION = YES;
				CLANG_WARN_INT_CONVERSION = YES;
				CLANG_WARN_NON_LITERAL_NULL_CONVERSION = YES;
				CLANG_WARN_OBJC_IMPLICIT_RETAIN_SELF = YES;
				CLANG_WARN_OBJC_LITERAL_CONVERSION = YES;
				CLANG_WARN_OBJC_ROOT_CLASS = YES_ERROR;
				CLANG_WARN_QUOTED_INCLUDE_IN_FRAMEWORK_HEADER = YES;
				CLANG_WARN_RANGE_LOOP_ANALYSIS = YES;
				CLANG_WARN_STRICT_PROTOTYPES = YES;
				CLANG_WARN_SUSPICIOUS_MOVE = YES;
				CLANG_WARN_UNGUARDED_AVAILABILITY = YES_AGGRESSIVE;
				CLANG_WARN_UNREACHABLE_CODE = YES;
				CLANG_WARN__DUPLICATE_METHOD_MATCH = YES;
				COPY_PHASE_STRIP = NO;
				DEBUG_INFORMATION_FORMAT = "dwarf-with-dsym";
				ENABLE_NS_ASSERTIONS = NO;
				ENABLE_STRICT_OBJC_MSGSEND = YES;
				GCC_C_LANGUAGE_STANDARD = gnu11;
				GCC_NO_COMMON_BLOCKS = YES;
				GCC_WARN_64_TO_32_BIT_CONVERSION = YES;
				GCC_WARN_ABOUT_RETURN_TYPE = YES_ERROR;
				GCC_WARN_UNDECLARED_SELECTOR = YES;
				GCC_WARN_UNINITIALIZED_AUTOS = YES_AGGRESSIVE;
				GCC_WARN_UNUSED_FUNCTION = YES;
				GCC_WARN_UNUSED_VARIABLE = YES;
				IPHONEOS_DEPLOYMENT_TARGET = 14.5;
				MTL_ENABLE_DEBUG_INFO = NO;
				MTL_FAST_MATH = YES;
				SDKROOT = iphoneos;
				SWIFT_COMPILATION_MODE = wholemodule;
				SWIFT_OPTIMIZATION_LEVEL = "-O";
				VALIDATE_PRODUCT = YES;
			};
			name = Release;
		};
		A2D8CEB026A474B800C5E4B2 /* Debug */ = {
			isa = XCBuildConfiguration;
			buildSettings = {
				ASSETCATALOG_COMPILER_APPICON_NAME = AppIcon;
				ASSETCATALOG_COMPILER_GLOBAL_ACCENT_COLOR_NAME = AccentColor;
				CODE_SIGN_STYLE = Automatic;
				DEVELOPMENT_TEAM = U3JHK4U826;
				INFOPLIST_FILE = NewContactsApp/Info.plist;
				LD_RUNPATH_SEARCH_PATHS = (
					"$(inherited)",
					"@executable_path/Frameworks",
				);
				PRODUCT_BUNDLE_IDENTIFIER = YeoCompany.NewContactsApp;
				PRODUCT_NAME = "$(TARGET_NAME)";
				SWIFT_VERSION = 5.0;
				TARGETED_DEVICE_FAMILY = "1,2";
			};
			name = Debug;
		};
		A2D8CEB126A474B800C5E4B2 /* Release */ = {
			isa = XCBuildConfiguration;
			buildSettings = {
				ASSETCATALOG_COMPILER_APPICON_NAME = AppIcon;
				ASSETCATALOG_COMPILER_GLOBAL_ACCENT_COLOR_NAME = AccentColor;
				CODE_SIGN_STYLE = Automatic;
				DEVELOPMENT_TEAM = U3JHK4U826;
				INFOPLIST_FILE = NewContactsApp/Info.plist;
				LD_RUNPATH_SEARCH_PATHS = (
					"$(inherited)",
					"@executable_path/Frameworks",
				);
				PRODUCT_BUNDLE_IDENTIFIER = YeoCompany.NewContactsApp;
				PRODUCT_NAME = "$(TARGET_NAME)";
				SWIFT_VERSION = 5.0;
				TARGETED_DEVICE_FAMILY = "1,2";
			};
			name = Release;
		};
/* End XCBuildConfiguration section */

/* Begin XCConfigurationList section */
		A2D8CE9626A474B700C5E4B2 /* Build configuration list for PBXProject "NewContactsApp" */ = {
			isa = XCConfigurationList;
			buildConfigurations = (
				A2D8CEAD26A474B800C5E4B2 /* Debug */,
				A2D8CEAE26A474B800C5E4B2 /* Release */,
			);
			defaultConfigurationIsVisible = 0;
			defaultConfigurationName = Release;
		};
		A2D8CEAF26A474B800C5E4B2 /* Build configuration list for PBXNativeTarget "NewContactsApp" */ = {
			isa = XCConfigurationList;
			buildConfigurations = (
				A2D8CEB026A474B800C5E4B2 /* Debug */,
				A2D8CEB126A474B800C5E4B2 /* Release */,
			);
			defaultConfigurationIsVisible = 0;
			defaultConfigurationName = Release;
		};
/* End XCConfigurationList section */
	};
	rootObject = A2D8CE9326A474B700C5E4B2 /* Project object */;
}
